PODS:
  - SCLAlertView (0.8)
  - SwiftKeychainWrapper (3.4.0)

DEPENDENCIES:
  - SCLAlertView (~> 0.8)
  - SwiftKeychainWrapper (~> 3.4)

SPEC REPOS:
  https://github.com/cocoapods/specs.git:
    - SCLAlertView
    - SwiftKeychainWrapper

SPEC CHECKSUMS:
  SCLAlertView: 6a77bb2edfc65e04dbe57725546cb4107a506b85
  SwiftKeychainWrapper: 6fc49fbf7d4a6b0772917acb0e53a1639f6078d6

PODFILE CHECKSUM: 91b09eab22dd4dcc278c37be587c24c5eb0b4015

COCOAPODS: 1.5.3
